
Microsoft Visual Studio Solution File, Format Version 12.00
# Visual Studio 15
VisualStudioVersion = 15.0.28307.1000
MinimumVisualStudioVersion = 10.0.40219.1
Project("{FAE04EC0-301F-11D3-BF4B-00C04F79EFBC}") = "Eventor2", "Eventor2\Eventor2.csproj", "{59787485-4F46-4ACC-AFA0-6A074523E5CA}"
EndProject
Global
	GlobalSection(SolutionConfigurationPlatforms) = preSolution
		Debug|Any CPU = Debug|Any CPU
		Release|Any CPU = Release|Any CPU
	EndGlobalSection
	GlobalSection(ProjectConfigurationPlatforms) = postSolution
		{59787485-4F46-4ACC-AFA0-6A074523E5CA}.Debug|Any CPU.ActiveCfg = Debug|Any CPU
		{59787485-4F46-4ACC-AFA0-6A074523E5CA}.Debug|Any CPU.Build.0 = Debug|Any CPU
		{59787485-4F46-4ACC-AFA0-6A074523E5CA}.Release|Any CPU.ActiveCfg = Release|Any CPU
		{59787485-4F46-4ACC-AFA0-6A074523E5CA}.Release|Any CPU.Build.0 = Release|Any CPU
	EndGlobalSection
	GlobalSection(SolutionProperties) = preSolution
		HideSolutionNode = FALSE
	EndGlobalSection
	GlobalSection(ExtensibilityGlobals) = postSolution
		SolutionGuid = {3B696453-A3B1-47E8-B2ED-AD94AF80B5E1}
	EndGlobalSection
EndGlobal
